<?xml version="1.0" encoding="utf-8"?>
<Project ToolsVersion="4.0" xmlns="http://schemas.microsoft.com/developer/msbuild/2003">
  <ItemGroup>
    <ClInclude Include="vk_layer.h">
      <Filter>Header Files</Filter>
    </ClInclude>
    <ClInclude Include="pch.h">
      <Filter>Header Files</Filter>
    </ClInclude>
    <ClInclude Include="layer.h">
      <Filter>Source Files</Filter>
    </ClInclude>
    <ClInclude Include="memory.h">
      <Filter>Source Files</Filter>
    </ClInclude>
  </ItemGroup>
  <ItemGroup>
    <Filter Include="Header Files">
      <UniqueIdentifier>{a73eb349-e3c4-4b53-9621-a8a98699a155}</UniqueIdentifier>
    </Filter>
    <Filter Include="Source Files">
      <UniqueIdentifier>{f46a42e7-ce4a-466a-8e51-54f2e31f1fde}</UniqueIdentifier>
    </Filter>
    <Filter Include="Graphic Pack">
      <UniqueIdentifier>{275386b2-6151-4008-bf3b-29fda6c7bec7}</UniqueIdentifier>
    </Filter>
  </ItemGroup>
  <ItemGroup>
    <ClCompile Include="layer_setup.cpp">
      <Filter>Source Files</Filter>
    </ClCompile>
    <ClCompile Include="vulkan.cpp">
      <Filter>Source Files</Filter>
    </ClCompile>
    <ClCompile Include="camera.cpp">
      <Filter>Source Files</Filter>
    </ClCompile>
    <ClCompile Include="logging.cpp">
      <Filter>Source Files</Filter>
    </ClCompile>
    <ClCompile Include="d3d11.cpp">
      <Filter>Source Files</Filter>
    </ClCompile>
    <ClCompile Include="cemu.cpp">
      <Filter>Source Files</Filter>
    </ClCompile>
  </ItemGroup>
  <ItemGroup>
    <CopyFileToFolders Include="BetterVR_Layer.json">
      <Filter>Source Files</Filter>
    </CopyFileToFolders>
    <CopyFileToFolders Include="..\Graphic Packs\BreathOfTheWild_BetterVR\rules.txt">
      <Filter>Graphic Pack</Filter>
    </CopyFileToFolders>
    <CopyFileToFolders Include="..\Graphic Packs\BreathOfTheWild_BetterVR\patch_BetterVR.asm">
      <Filter>Graphic Pack</Filter>
    </CopyFileToFolders>
  </ItemGroup>
</Project>